
Microsoft Visual Studio Solution File, Format Version 12.00
# Visual Studio Version 17
VisualStudioVersion = 17.10.35013.160
MinimumVisualStudioVersion = 10.0.40219.1
Project("{FAE04EC0-301F-11D3-BF4B-00C04F79EFBC}") = "PollingService", "PollingService.csproj", "{714A181A-900F-4526-9010-954EDDA4ACD5}"
EndProject
Global
	GlobalSection(SolutionConfigurationPlatforms) = preSolution
		Debug|Any CPU = Debug|Any CPU
		Release|Any CPU = Release|Any CPU
	EndGlobalSection
	GlobalSection(ProjectConfigurationPlatforms) = postSolution
		{714A181A-900F-4526-9010-954EDDA4ACD5}.Debug|Any CPU.ActiveCfg = Debug|Any CPU
		{714A181A-900F-4526-9010-954EDDA4ACD5}.Debug|Any CPU.Build.0 = Debug|Any CPU
		{714A181A-900F-4526-9010-954EDDA4ACD5}.Release|Any CPU.ActiveCfg = Release|Any CPU
		{714A181A-900F-4526-9010-954EDDA4ACD5}.Release|Any CPU.Build.0 = Release|Any CPU
	EndGlobalSection
	GlobalSection(SolutionProperties) = preSolution
		HideSolutionNode = FALSE
	EndGlobalSection
	GlobalSection(ExtensibilityGlobals) = postSolution
		SolutionGuid = {FAAAFC83-02C8-4DFC-96E4-FCF062F3E9E4}
	EndGlobalSection
EndGlobal
